<?xml version="1.0" encoding="utf-8"?>
<Project ToolsVersion="4.0" xmlns="http://schemas.microsoft.com/developer/msbuild/2003">
  <ItemGroup>
    <Filter Include="Aura">
      <UniqueIdentifier>{EEB4827C-DAEB-830D-83D8-69106FEEFF0E}</UniqueIdentifier>
    </Filter>
    <Filter Include="Aura\Events">
      <UniqueIdentifier>{12C999D0-7E7E-12C6-0773-0C9D732709CA}</UniqueIdentifier>
    </Filter>
    <Filter Include="Aura\ImGui">
      <UniqueIdentifier>{98A4664C-845C-A899-ED63-81F5D93A438A}</UniqueIdentifier>
    </Filter>
    <Filter Include="Platform">
      <UniqueIdentifier>{2AC788B4-1694-E3BF-3FAD-D1672BD9184E}</UniqueIdentifier>
    </Filter>
    <Filter Include="Platform\OpenGL">
      <UniqueIdentifier>{1E7D2C1D-8A08-9AE1-9319-1DD6FF23F6E1}</UniqueIdentifier>
    </Filter>
  </ItemGroup>
  <ItemGroup>
    <ClInclude Include="src\Aura.h" />
    <ClInclude Include="src\Aura\Application.h">
      <Filter>Aura</Filter>
    </ClInclude>
    <ClInclude Include="src\Aura\Core.h">
      <Filter>Aura</Filter>
    </ClInclude>
    <ClInclude Include="src\Aura\EntryPoint.h">
      <Filter>Aura</Filter>
    </ClInclude>
    <ClInclude Include="src\Aura\Events\ApplicationEvent.h">
      <Filter>Aura\Events</Filter>
    </ClInclude>
    <ClInclude Include="src\Aura\Events\Event.h">
      <Filter>Aura\Events</Filter>
    </ClInclude>
    <ClInclude Include="src\Aura\Events\KeyEvent.h">
      <Filter>Aura\Events</Filter>
    </ClInclude>
    <ClInclude Include="src\Aura\Events\MouseEvent.h">
      <Filter>Aura\Events</Filter>
    </ClInclude>
    <ClInclude Include="src\Aura\ImGui\ImGuiLayer.h">
      <Filter>Aura\ImGui</Filter>
    </ClInclude>
    <ClInclude Include="src\Aura\Layer.h">
      <Filter>Aura</Filter>
    </ClInclude>
    <ClInclude Include="src\Aura\LayerStack.h">
      <Filter>Aura</Filter>
    </ClInclude>
    <ClInclude Include="src\Aura\Log.h">
      <Filter>Aura</Filter>
    </ClInclude>
    <ClInclude Include="src\Aura\Window.h">
      <Filter>Aura</Filter>
    </ClInclude>
    <ClInclude Include="src\Platform\OpenGL\ImGuiOpenGLRenderer.h">
      <Filter>Platform\OpenGL</Filter>
    </ClInclude>
    <ClInclude Include="src\Platform\Windows\WindowsWindow.h">
      <Filter>Platform</Filter>
    </ClInclude>
    <ClInclude Include="src\aupch.h" />
    <ClInclude Include="src\Aura\Input.h" />
    <ClInclude Include="src\Platform\Windows\WindowsInput.h" />
    <ClInclude Include="src\Aura\KeyCodes.h" />
    <ClInclude Include="src\Aura\MouseButtonCodes.h" />
  </ItemGroup>
  <ItemGroup>
    <ClCompile Include="src\Aura\Application.cpp">
      <Filter>Aura</Filter>
    </ClCompile>
    <ClCompile Include="src\Aura\ImGui\ImGuiLayer.cpp">
      <Filter>Aura\ImGui</Filter>
    </ClCompile>
    <ClCompile Include="src\Aura\Layer.cpp">
      <Filter>Aura</Filter>
    </ClCompile>
    <ClCompile Include="src\Aura\LayerStack.cpp">
      <Filter>Aura</Filter>
    </ClCompile>
    <ClCompile Include="src\Aura\Log.cpp">
      <Filter>Aura</Filter>
    </ClCompile>
    <ClCompile Include="src\Platform\OpenGL\ImGuiOpenGLRenderer.cpp">
      <Filter>Platform\OpenGL</Filter>
    </ClCompile>
    <ClCompile Include="src\Platform\Windows\WindowsWindow.cpp">
      <Filter>Platform</Filter>
    </ClCompile>
    <ClCompile Include="src\aupch.cpp" />
    <ClCompile Include="src\Platform\Windows\WindowsInput.cpp" />
  </ItemGroup>
</Project>